
Microsoft Visual Studio Solution File, Format Version 12.00
# Visual Studio Version 17
VisualStudioVersion = 17.8.34309.116
MinimumVisualStudioVersion = 10.0.40219.1
Project("{FAE04EC0-301F-11D3-BF4B-00C04F79EFBC}") = "EducationalPlatformWebApp", "EducationalPlatformWebApp\EducationalPlatformWebApp.csproj", "{7B98EB6A-BB24-4E90-9055-5D1849D38CFF}"
EndProject
Global
	GlobalSection(SolutionConfigurationPlatforms) = preSolution
		Debug|Any CPU = Debug|Any CPU
		Release|Any CPU = Release|Any CPU
	EndGlobalSection
	GlobalSection(ProjectConfigurationPlatforms) = postSolution
		{7B98EB6A-BB24-4E90-9055-5D1849D38CFF}.Debug|Any CPU.ActiveCfg = Debug|Any CPU
		{7B98EB6A-BB24-4E90-9055-5D1849D38CFF}.Debug|Any CPU.Build.0 = Debug|Any CPU
		{7B98EB6A-BB24-4E90-9055-5D1849D38CFF}.Release|Any CPU.ActiveCfg = Release|Any CPU
		{7B98EB6A-BB24-4E90-9055-5D1849D38CFF}.Release|Any CPU.Build.0 = Release|Any CPU
	EndGlobalSection
	GlobalSection(SolutionProperties) = preSolution
		HideSolutionNode = FALSE
	EndGlobalSection
	GlobalSection(ExtensibilityGlobals) = postSolution
		SolutionGuid = {D23F5F05-612D-4E9F-B694-1E5E0233724D}
	EndGlobalSection
EndGlobal
